{
  "name": "rotjs-dungeongen",
  "version": "0.1.0",
  "lockfileVersion": 1,
  "requires": true,
  "dependencies": {
    "rot-js": {
      "version": "0.6.4",
      "resolved": "https://registry.npmjs.org/rot-js/-/rot-js-0.6.4.tgz",
      "integrity": "sha1-0okGK6Gz9/WA/fpM6mRAhEXOcLE="
    }
  }
}
